
Microsoft Visual Studio Solution File, Format Version 12.00
# Visual Studio Version 17
VisualStudioVersion = 17.5.33530.505
MinimumVisualStudioVersion = 10.0.40219.1
Project("{FAE04EC0-301F-11D3-BF4B-00C04F79EFBC}") = "DesenareCuMouse-ul", "DesenareCuMouse-ul\DesenareCuMouse-ul.csproj", "{5DAC9BA2-0F03-4EB6-BD28-654E8BBE1465}"
EndProject
Global
	GlobalSection(SolutionConfigurationPlatforms) = preSolution
		Debug|Any CPU = Debug|Any CPU
		Release|Any CPU = Release|Any CPU
	EndGlobalSection
	GlobalSection(ProjectConfigurationPlatforms) = postSolution
		{5DAC9BA2-0F03-4EB6-BD28-654E8BBE1465}.Debug|Any CPU.ActiveCfg = Debug|Any CPU
		{5DAC9BA2-0F03-4EB6-BD28-654E8BBE1465}.Debug|Any CPU.Build.0 = Debug|Any CPU
		{5DAC9BA2-0F03-4EB6-BD28-654E8BBE1465}.Release|Any CPU.ActiveCfg = Release|Any CPU
		{5DAC9BA2-0F03-4EB6-BD28-654E8BBE1465}.Release|Any CPU.Build.0 = Release|Any CPU
	EndGlobalSection
	GlobalSection(SolutionProperties) = preSolution
		HideSolutionNode = FALSE
	EndGlobalSection
	GlobalSection(ExtensibilityGlobals) = postSolution
		SolutionGuid = {C3831DE6-0BEC-4E56-A553-5BEDCCF916B8}
	EndGlobalSection
EndGlobal
