
Microsoft Visual Studio Solution File, Format Version 12.00
# Visual Studio Version 17
VisualStudioVersion = 17.3.32922.545
MinimumVisualStudioVersion = 10.0.40219.1
Project("{FAE04EC0-301F-11D3-BF4B-00C04F79EFBC}") = "Tipuri_de_referinta", "Tipuri_de_referinta\Tipuri_de_referinta.csproj", "{072B67BE-875B-4E4A-B71C-815CA767595D}"
EndProject
Global
	GlobalSection(SolutionConfigurationPlatforms) = preSolution
		Debug|Any CPU = Debug|Any CPU
		Release|Any CPU = Release|Any CPU
	EndGlobalSection
	GlobalSection(ProjectConfigurationPlatforms) = postSolution
		{072B67BE-875B-4E4A-B71C-815CA767595D}.Debug|Any CPU.ActiveCfg = Debug|Any CPU
		{072B67BE-875B-4E4A-B71C-815CA767595D}.Debug|Any CPU.Build.0 = Debug|Any CPU
		{072B67BE-875B-4E4A-B71C-815CA767595D}.Release|Any CPU.ActiveCfg = Release|Any CPU
		{072B67BE-875B-4E4A-B71C-815CA767595D}.Release|Any CPU.Build.0 = Release|Any CPU
	EndGlobalSection
	GlobalSection(SolutionProperties) = preSolution
		HideSolutionNode = FALSE
	EndGlobalSection
	GlobalSection(ExtensibilityGlobals) = postSolution
		SolutionGuid = {5ACABB8B-CE84-4146-AC0C-9DE812293C97}
	EndGlobalSection
EndGlobal
