
Microsoft Visual Studio Solution File, Format Version 12.00
# Visual Studio Version 17
VisualStudioVersion = 17.5.33502.453
MinimumVisualStudioVersion = 10.0.40219.1
Project("{FAE04EC0-301F-11D3-BF4B-00C04F79EFBC}") = "Timer_Test", "Timer_Test\Timer_Test.csproj", "{BB1AB49F-F933-4C90-AB1A-F3E876E93B2D}"
EndProject
Global
	GlobalSection(SolutionConfigurationPlatforms) = preSolution
		Debug|Any CPU = Debug|Any CPU
		Release|Any CPU = Release|Any CPU
	EndGlobalSection
	GlobalSection(ProjectConfigurationPlatforms) = postSolution
		{BB1AB49F-F933-4C90-AB1A-F3E876E93B2D}.Debug|Any CPU.ActiveCfg = Debug|Any CPU
		{BB1AB49F-F933-4C90-AB1A-F3E876E93B2D}.Debug|Any CPU.Build.0 = Debug|Any CPU
		{BB1AB49F-F933-4C90-AB1A-F3E876E93B2D}.Release|Any CPU.ActiveCfg = Release|Any CPU
		{BB1AB49F-F933-4C90-AB1A-F3E876E93B2D}.Release|Any CPU.Build.0 = Release|Any CPU
	EndGlobalSection
	GlobalSection(SolutionProperties) = preSolution
		HideSolutionNode = FALSE
	EndGlobalSection
	GlobalSection(ExtensibilityGlobals) = postSolution
		SolutionGuid = {CBACB779-555A-4B78-8284-5D80D021C733}
	EndGlobalSection
EndGlobal
