
Microsoft Visual Studio Solution File, Format Version 12.00
# Visual Studio Version 16
VisualStudioVersion = 16.0.31515.178
MinimumVisualStudioVersion = 10.0.40219.1
Project("{FAE04EC0-301F-11D3-BF4B-00C04F79EFBC}") = "Interferente_ECO", "Interferente_ECO\Interferente_ECO.csproj", "{99B4C633-BC8E-4C26-BF19-9E752F6DD9A6}"
EndProject
Global
	GlobalSection(SolutionConfigurationPlatforms) = preSolution
		Debug|Any CPU = Debug|Any CPU
		Release|Any CPU = Release|Any CPU
	EndGlobalSection
	GlobalSection(ProjectConfigurationPlatforms) = postSolution
		{99B4C633-BC8E-4C26-BF19-9E752F6DD9A6}.Debug|Any CPU.ActiveCfg = Debug|Any CPU
		{99B4C633-BC8E-4C26-BF19-9E752F6DD9A6}.Debug|Any CPU.Build.0 = Debug|Any CPU
		{99B4C633-BC8E-4C26-BF19-9E752F6DD9A6}.Release|Any CPU.ActiveCfg = Release|Any CPU
		{99B4C633-BC8E-4C26-BF19-9E752F6DD9A6}.Release|Any CPU.Build.0 = Release|Any CPU
	EndGlobalSection
	GlobalSection(SolutionProperties) = preSolution
		HideSolutionNode = FALSE
	EndGlobalSection
	GlobalSection(ExtensibilityGlobals) = postSolution
		SolutionGuid = {818B08F0-5243-4D0C-BAC3-FBA4716FC35F}
	EndGlobalSection
EndGlobal
