
Microsoft Visual Studio Solution File, Format Version 12.00
# Visual Studio Version 17
VisualStudioVersion = 17.5.33530.505
MinimumVisualStudioVersion = 10.0.40219.1
Project("{FAE04EC0-301F-11D3-BF4B-00C04F79EFBC}") = "Lee", "Lee\Lee.csproj", "{F92419DC-AE6E-4424-B602-3CCEEBECC209}"
EndProject
Global
	GlobalSection(SolutionConfigurationPlatforms) = preSolution
		Debug|Any CPU = Debug|Any CPU
		Release|Any CPU = Release|Any CPU
	EndGlobalSection
	GlobalSection(ProjectConfigurationPlatforms) = postSolution
		{F92419DC-AE6E-4424-B602-3CCEEBECC209}.Debug|Any CPU.ActiveCfg = Debug|Any CPU
		{F92419DC-AE6E-4424-B602-3CCEEBECC209}.Debug|Any CPU.Build.0 = Debug|Any CPU
		{F92419DC-AE6E-4424-B602-3CCEEBECC209}.Release|Any CPU.ActiveCfg = Release|Any CPU
		{F92419DC-AE6E-4424-B602-3CCEEBECC209}.Release|Any CPU.Build.0 = Release|Any CPU
	EndGlobalSection
	GlobalSection(SolutionProperties) = preSolution
		HideSolutionNode = FALSE
	EndGlobalSection
	GlobalSection(ExtensibilityGlobals) = postSolution
		SolutionGuid = {C869F361-1D40-4994-9776-C659C571DE6A}
	EndGlobalSection
EndGlobal
