
Microsoft Visual Studio Solution File, Format Version 12.00
# Visual Studio Version 17
VisualStudioVersion = 17.4.33403.182
MinimumVisualStudioVersion = 10.0.40219.1
Project("{FAE04EC0-301F-11D3-BF4B-00C04F79EFBC}") = "TreeView", "TreeView\TreeView.csproj", "{7D04C9E0-9D69-4488-AC1E-7805CAFDC189}"
EndProject
Global
	GlobalSection(SolutionConfigurationPlatforms) = preSolution
		Debug|Any CPU = Debug|Any CPU
		Release|Any CPU = Release|Any CPU
	EndGlobalSection
	GlobalSection(ProjectConfigurationPlatforms) = postSolution
		{7D04C9E0-9D69-4488-AC1E-7805CAFDC189}.Debug|Any CPU.ActiveCfg = Debug|Any CPU
		{7D04C9E0-9D69-4488-AC1E-7805CAFDC189}.Debug|Any CPU.Build.0 = Debug|Any CPU
		{7D04C9E0-9D69-4488-AC1E-7805CAFDC189}.Release|Any CPU.ActiveCfg = Release|Any CPU
		{7D04C9E0-9D69-4488-AC1E-7805CAFDC189}.Release|Any CPU.Build.0 = Release|Any CPU
	EndGlobalSection
	GlobalSection(SolutionProperties) = preSolution
		HideSolutionNode = FALSE
	EndGlobalSection
	GlobalSection(ExtensibilityGlobals) = postSolution
		SolutionGuid = {38136E46-00A0-4B6E-BCC5-E06B875D1363}
	EndGlobalSection
EndGlobal
