
Microsoft Visual Studio Solution File, Format Version 12.00
# Visual Studio Version 17
VisualStudioVersion = 17.5.33502.453
MinimumVisualStudioVersion = 10.0.40219.1
Project("{FAE04EC0-301F-11D3-BF4B-00C04F79EFBC}") = "Calatorie_in_timp_si_spatiu", "Calatorie_in_timp_si_spatiu\Calatorie_in_timp_si_spatiu.csproj", "{6047D9B9-99CD-451C-A963-6614BE077926}"
EndProject
Global
	GlobalSection(SolutionConfigurationPlatforms) = preSolution
		Debug|Any CPU = Debug|Any CPU
		Release|Any CPU = Release|Any CPU
	EndGlobalSection
	GlobalSection(ProjectConfigurationPlatforms) = postSolution
		{6047D9B9-99CD-451C-A963-6614BE077926}.Debug|Any CPU.ActiveCfg = Debug|Any CPU
		{6047D9B9-99CD-451C-A963-6614BE077926}.Debug|Any CPU.Build.0 = Debug|Any CPU
		{6047D9B9-99CD-451C-A963-6614BE077926}.Release|Any CPU.ActiveCfg = Release|Any CPU
		{6047D9B9-99CD-451C-A963-6614BE077926}.Release|Any CPU.Build.0 = Release|Any CPU
	EndGlobalSection
	GlobalSection(SolutionProperties) = preSolution
		HideSolutionNode = FALSE
	EndGlobalSection
	GlobalSection(ExtensibilityGlobals) = postSolution
		SolutionGuid = {C28FBF55-1DF4-4B7C-9D3E-1DB865F0A076}
	EndGlobalSection
EndGlobal
