
Microsoft Visual Studio Solution File, Format Version 12.00
# Visual Studio Version 17
VisualStudioVersion = 17.5.33502.453
MinimumVisualStudioVersion = 10.0.40219.1
Project("{FAE04EC0-301F-11D3-BF4B-00C04F79EFBC}") = "GOOD FOOD", "GOOD FOOD\GOOD FOOD.csproj", "{F203A9FE-E07B-402B-B76C-892970453A90}"
EndProject
Global
	GlobalSection(SolutionConfigurationPlatforms) = preSolution
		Debug|Any CPU = Debug|Any CPU
		Release|Any CPU = Release|Any CPU
	EndGlobalSection
	GlobalSection(ProjectConfigurationPlatforms) = postSolution
		{F203A9FE-E07B-402B-B76C-892970453A90}.Debug|Any CPU.ActiveCfg = Debug|Any CPU
		{F203A9FE-E07B-402B-B76C-892970453A90}.Debug|Any CPU.Build.0 = Debug|Any CPU
		{F203A9FE-E07B-402B-B76C-892970453A90}.Release|Any CPU.ActiveCfg = Release|Any CPU
		{F203A9FE-E07B-402B-B76C-892970453A90}.Release|Any CPU.Build.0 = Release|Any CPU
	EndGlobalSection
	GlobalSection(SolutionProperties) = preSolution
		HideSolutionNode = FALSE
	EndGlobalSection
	GlobalSection(ExtensibilityGlobals) = postSolution
		SolutionGuid = {0203299F-CC22-4D7C-9052-DF0826126ABF}
	EndGlobalSection
EndGlobal
