
Microsoft Visual Studio Solution File, Format Version 12.00
# Visual Studio Version 17
VisualStudioVersion = 17.7.34202.233
MinimumVisualStudioVersion = 10.0.40219.1
Project("{FAE04EC0-301F-11D3-BF4B-00C04F79EFBC}") = "Atestat", "Atestat\Atestat.csproj", "{AA142595-D8C2-4C67-81A9-FB5353256309}"
EndProject
Global
	GlobalSection(SolutionConfigurationPlatforms) = preSolution
		Debug|Any CPU = Debug|Any CPU
		Release|Any CPU = Release|Any CPU
	EndGlobalSection
	GlobalSection(ProjectConfigurationPlatforms) = postSolution
		{AA142595-D8C2-4C67-81A9-FB5353256309}.Debug|Any CPU.ActiveCfg = Debug|Any CPU
		{AA142595-D8C2-4C67-81A9-FB5353256309}.Debug|Any CPU.Build.0 = Debug|Any CPU
		{AA142595-D8C2-4C67-81A9-FB5353256309}.Release|Any CPU.ActiveCfg = Release|Any CPU
		{AA142595-D8C2-4C67-81A9-FB5353256309}.Release|Any CPU.Build.0 = Release|Any CPU
	EndGlobalSection
	GlobalSection(SolutionProperties) = preSolution
		HideSolutionNode = FALSE
	EndGlobalSection
	GlobalSection(ExtensibilityGlobals) = postSolution
		SolutionGuid = {F1ADC978-17F3-4B17-BEC6-7F52C18CFBCD}
	EndGlobalSection
EndGlobal
