
Microsoft Visual Studio Solution File, Format Version 12.00
# Visual Studio Version 17
VisualStudioVersion = 17.3.32922.545
MinimumVisualStudioVersion = 10.0.40219.1
Project("{FAE04EC0-301F-11D3-BF4B-00C04F79EFBC}") = "5.Probleme_propuse", "5.Probleme_propuse\5.Probleme_propuse.csproj", "{BA2F2C5B-9309-4AFE-B117-7A9933CE8D2C}"
EndProject
Global
	GlobalSection(SolutionConfigurationPlatforms) = preSolution
		Debug|Any CPU = Debug|Any CPU
		Release|Any CPU = Release|Any CPU
	EndGlobalSection
	GlobalSection(ProjectConfigurationPlatforms) = postSolution
		{BA2F2C5B-9309-4AFE-B117-7A9933CE8D2C}.Debug|Any CPU.ActiveCfg = Debug|Any CPU
		{BA2F2C5B-9309-4AFE-B117-7A9933CE8D2C}.Debug|Any CPU.Build.0 = Debug|Any CPU
		{BA2F2C5B-9309-4AFE-B117-7A9933CE8D2C}.Release|Any CPU.ActiveCfg = Release|Any CPU
		{BA2F2C5B-9309-4AFE-B117-7A9933CE8D2C}.Release|Any CPU.Build.0 = Release|Any CPU
	EndGlobalSection
	GlobalSection(SolutionProperties) = preSolution
		HideSolutionNode = FALSE
	EndGlobalSection
	GlobalSection(ExtensibilityGlobals) = postSolution
		SolutionGuid = {7F924C96-B31A-47CB-9409-8A765E605C27}
	EndGlobalSection
EndGlobal
