
Microsoft Visual Studio Solution File, Format Version 12.00
# Visual Studio Version 17
VisualStudioVersion = 17.3.32922.545
MinimumVisualStudioVersion = 10.0.40219.1
Project("{FAE04EC0-301F-11D3-BF4B-00C04F79EFBC}") = "ProblemePropuseTextBox", "ProblemePropuseTextBox\ProblemePropuseTextBox.csproj", "{93C167A7-9FDC-40DB-A1A0-D27ABE98048C}"
EndProject
Global
	GlobalSection(SolutionConfigurationPlatforms) = preSolution
		Debug|Any CPU = Debug|Any CPU
		Release|Any CPU = Release|Any CPU
	EndGlobalSection
	GlobalSection(ProjectConfigurationPlatforms) = postSolution
		{93C167A7-9FDC-40DB-A1A0-D27ABE98048C}.Debug|Any CPU.ActiveCfg = Debug|Any CPU
		{93C167A7-9FDC-40DB-A1A0-D27ABE98048C}.Debug|Any CPU.Build.0 = Debug|Any CPU
		{93C167A7-9FDC-40DB-A1A0-D27ABE98048C}.Release|Any CPU.ActiveCfg = Release|Any CPU
		{93C167A7-9FDC-40DB-A1A0-D27ABE98048C}.Release|Any CPU.Build.0 = Release|Any CPU
	EndGlobalSection
	GlobalSection(SolutionProperties) = preSolution
		HideSolutionNode = FALSE
	EndGlobalSection
	GlobalSection(ExtensibilityGlobals) = postSolution
		SolutionGuid = {4E3F3035-FF99-410F-AFAB-EF5E4E2AC2E7}
	EndGlobalSection
EndGlobal
