
Microsoft Visual Studio Solution File, Format Version 12.00
# Visual Studio Version 17
VisualStudioVersion = 17.3.32922.545
MinimumVisualStudioVersion = 10.0.40219.1
Project("{FAE04EC0-301F-11D3-BF4B-00C04F79EFBC}") = "LabelExemple", "LabelExemple\LabelExemple.csproj", "{282EA29D-0629-4EAF-9172-DF36CC67F5A7}"
EndProject
Global
	GlobalSection(SolutionConfigurationPlatforms) = preSolution
		Debug|Any CPU = Debug|Any CPU
		Release|Any CPU = Release|Any CPU
	EndGlobalSection
	GlobalSection(ProjectConfigurationPlatforms) = postSolution
		{282EA29D-0629-4EAF-9172-DF36CC67F5A7}.Debug|Any CPU.ActiveCfg = Debug|Any CPU
		{282EA29D-0629-4EAF-9172-DF36CC67F5A7}.Debug|Any CPU.Build.0 = Debug|Any CPU
		{282EA29D-0629-4EAF-9172-DF36CC67F5A7}.Release|Any CPU.ActiveCfg = Release|Any CPU
		{282EA29D-0629-4EAF-9172-DF36CC67F5A7}.Release|Any CPU.Build.0 = Release|Any CPU
	EndGlobalSection
	GlobalSection(SolutionProperties) = preSolution
		HideSolutionNode = FALSE
	EndGlobalSection
	GlobalSection(ExtensibilityGlobals) = postSolution
		SolutionGuid = {AACF5FBA-6E6E-4CD0-BE89-C1B412DE8155}
	EndGlobalSection
EndGlobal
