
Microsoft Visual Studio Solution File, Format Version 12.00
# Visual Studio Version 17
VisualStudioVersion = 17.4.33403.182
MinimumVisualStudioVersion = 10.0.40219.1
Project("{FAE04EC0-301F-11D3-BF4B-00C04F79EFBC}") = "WindowsMediaPlayerExample", "WindowsMediaPlayerExample\WindowsMediaPlayerExample.csproj", "{91ADC3C2-1422-4FBF-A947-ACDF79EA71EC}"
EndProject
Global
	GlobalSection(SolutionConfigurationPlatforms) = preSolution
		Debug|Any CPU = Debug|Any CPU
		Release|Any CPU = Release|Any CPU
	EndGlobalSection
	GlobalSection(ProjectConfigurationPlatforms) = postSolution
		{91ADC3C2-1422-4FBF-A947-ACDF79EA71EC}.Debug|Any CPU.ActiveCfg = Debug|Any CPU
		{91ADC3C2-1422-4FBF-A947-ACDF79EA71EC}.Debug|Any CPU.Build.0 = Debug|Any CPU
		{91ADC3C2-1422-4FBF-A947-ACDF79EA71EC}.Release|Any CPU.ActiveCfg = Release|Any CPU
		{91ADC3C2-1422-4FBF-A947-ACDF79EA71EC}.Release|Any CPU.Build.0 = Release|Any CPU
	EndGlobalSection
	GlobalSection(SolutionProperties) = preSolution
		HideSolutionNode = FALSE
	EndGlobalSection
	GlobalSection(ExtensibilityGlobals) = postSolution
		SolutionGuid = {294761E1-D74A-4097-B8D0-115675D5BA86}
	EndGlobalSection
EndGlobal
