
Microsoft Visual Studio Solution File, Format Version 12.00
# Visual Studio Version 17
VisualStudioVersion = 17.3.32922.545
MinimumVisualStudioVersion = 10.0.40219.1
Project("{FAE04EC0-301F-11D3-BF4B-00C04F79EFBC}") = "DialoguriPredefinite", "DialoguriPredefinite\DialoguriPredefinite.csproj", "{9C01F74B-B963-45F9-AB79-C89EBF530039}"
EndProject
Global
	GlobalSection(SolutionConfigurationPlatforms) = preSolution
		Debug|Any CPU = Debug|Any CPU
		Release|Any CPU = Release|Any CPU
	EndGlobalSection
	GlobalSection(ProjectConfigurationPlatforms) = postSolution
		{9C01F74B-B963-45F9-AB79-C89EBF530039}.Debug|Any CPU.ActiveCfg = Debug|Any CPU
		{9C01F74B-B963-45F9-AB79-C89EBF530039}.Debug|Any CPU.Build.0 = Debug|Any CPU
		{9C01F74B-B963-45F9-AB79-C89EBF530039}.Release|Any CPU.ActiveCfg = Release|Any CPU
		{9C01F74B-B963-45F9-AB79-C89EBF530039}.Release|Any CPU.Build.0 = Release|Any CPU
	EndGlobalSection
	GlobalSection(SolutionProperties) = preSolution
		HideSolutionNode = FALSE
	EndGlobalSection
	GlobalSection(ExtensibilityGlobals) = postSolution
		SolutionGuid = {50DF3E40-1EB7-43BD-8436-54BDD0D0FFFF}
	EndGlobalSection
EndGlobal
