
Microsoft Visual Studio Solution File, Format Version 12.00
# Visual Studio Version 17
VisualStudioVersion = 17.6.33801.468
MinimumVisualStudioVersion = 10.0.40219.1
Project("{FAE04EC0-301F-11D3-BF4B-00C04F79EFBC}") = "Ghicește un număr (varianta cu cronometru)", "Ghicește un număr (varianta cu cronometru)\Ghicește un număr (varianta cu cronometru).csproj", "{0D179C1E-A4BE-434D-A2EE-9FB5B7B39B5E}"
EndProject
Global
	GlobalSection(SolutionConfigurationPlatforms) = preSolution
		Debug|Any CPU = Debug|Any CPU
		Release|Any CPU = Release|Any CPU
	EndGlobalSection
	GlobalSection(ProjectConfigurationPlatforms) = postSolution
		{0D179C1E-A4BE-434D-A2EE-9FB5B7B39B5E}.Debug|Any CPU.ActiveCfg = Debug|Any CPU
		{0D179C1E-A4BE-434D-A2EE-9FB5B7B39B5E}.Debug|Any CPU.Build.0 = Debug|Any CPU
		{0D179C1E-A4BE-434D-A2EE-9FB5B7B39B5E}.Release|Any CPU.ActiveCfg = Release|Any CPU
		{0D179C1E-A4BE-434D-A2EE-9FB5B7B39B5E}.Release|Any CPU.Build.0 = Release|Any CPU
	EndGlobalSection
	GlobalSection(SolutionProperties) = preSolution
		HideSolutionNode = FALSE
	EndGlobalSection
	GlobalSection(ExtensibilityGlobals) = postSolution
		SolutionGuid = {AFFA9B50-923A-461B-B199-7AB2BBC1C452}
	EndGlobalSection
EndGlobal
