
Microsoft Visual Studio Solution File, Format Version 12.00
# Visual Studio Version 17
VisualStudioVersion = 17.3.32922.545
MinimumVisualStudioVersion = 10.0.40219.1
Project("{FAE04EC0-301F-11D3-BF4B-00C04F79EFBC}") = "PrimaIncercare", "PrimaIncercare\PrimaIncercare.csproj", "{B998D960-D9BA-4D0A-AAC0-C34A8DB8A437}"
EndProject
Global
	GlobalSection(SolutionConfigurationPlatforms) = preSolution
		Debug|Any CPU = Debug|Any CPU
		Release|Any CPU = Release|Any CPU
	EndGlobalSection
	GlobalSection(ProjectConfigurationPlatforms) = postSolution
		{B998D960-D9BA-4D0A-AAC0-C34A8DB8A437}.Debug|Any CPU.ActiveCfg = Debug|Any CPU
		{B998D960-D9BA-4D0A-AAC0-C34A8DB8A437}.Debug|Any CPU.Build.0 = Debug|Any CPU
		{B998D960-D9BA-4D0A-AAC0-C34A8DB8A437}.Release|Any CPU.ActiveCfg = Release|Any CPU
		{B998D960-D9BA-4D0A-AAC0-C34A8DB8A437}.Release|Any CPU.Build.0 = Release|Any CPU
	EndGlobalSection
	GlobalSection(SolutionProperties) = preSolution
		HideSolutionNode = FALSE
	EndGlobalSection
	GlobalSection(ExtensibilityGlobals) = postSolution
		SolutionGuid = {3F2BBE79-D782-4131-BDBF-BF686A6366CA}
	EndGlobalSection
EndGlobal
