
Microsoft Visual Studio Solution File, Format Version 12.00
# Visual Studio Version 17
VisualStudioVersion = 17.3.32922.545
MinimumVisualStudioVersion = 10.0.40219.1
Project("{FAE04EC0-301F-11D3-BF4B-00C04F79EFBC}") = "Constante_Constructori_Desctructori", "Constante_Constructori_Desctructori\Constante_Constructori_Desctructori.csproj", "{9C6B1AF1-B12A-4358-A454-10396AEB3BBD}"
EndProject
Global
	GlobalSection(SolutionConfigurationPlatforms) = preSolution
		Debug|Any CPU = Debug|Any CPU
		Release|Any CPU = Release|Any CPU
	EndGlobalSection
	GlobalSection(ProjectConfigurationPlatforms) = postSolution
		{9C6B1AF1-B12A-4358-A454-10396AEB3BBD}.Debug|Any CPU.ActiveCfg = Debug|Any CPU
		{9C6B1AF1-B12A-4358-A454-10396AEB3BBD}.Debug|Any CPU.Build.0 = Debug|Any CPU
		{9C6B1AF1-B12A-4358-A454-10396AEB3BBD}.Release|Any CPU.ActiveCfg = Release|Any CPU
		{9C6B1AF1-B12A-4358-A454-10396AEB3BBD}.Release|Any CPU.Build.0 = Release|Any CPU
	EndGlobalSection
	GlobalSection(SolutionProperties) = preSolution
		HideSolutionNode = FALSE
	EndGlobalSection
	GlobalSection(ExtensibilityGlobals) = postSolution
		SolutionGuid = {79C643D2-EF8C-4727-BC56-8D6872D47634}
	EndGlobalSection
EndGlobal
