
Microsoft Visual Studio Solution File, Format Version 12.00
# Visual Studio Version 17
VisualStudioVersion = 17.3.32922.545
MinimumVisualStudioVersion = 10.0.40219.1
Project("{FAE04EC0-301F-11D3-BF4B-00C04F79EFBC}") = "Capitolul_4_exercitii", "Capitolul_4_exercitii\Capitolul_4_exercitii.csproj", "{14918F6D-8CE6-4A11-B8CB-8F6D7EFA0204}"
EndProject
Global
	GlobalSection(SolutionConfigurationPlatforms) = preSolution
		Debug|Any CPU = Debug|Any CPU
		Release|Any CPU = Release|Any CPU
	EndGlobalSection
	GlobalSection(ProjectConfigurationPlatforms) = postSolution
		{14918F6D-8CE6-4A11-B8CB-8F6D7EFA0204}.Debug|Any CPU.ActiveCfg = Debug|Any CPU
		{14918F6D-8CE6-4A11-B8CB-8F6D7EFA0204}.Debug|Any CPU.Build.0 = Debug|Any CPU
		{14918F6D-8CE6-4A11-B8CB-8F6D7EFA0204}.Release|Any CPU.ActiveCfg = Release|Any CPU
		{14918F6D-8CE6-4A11-B8CB-8F6D7EFA0204}.Release|Any CPU.Build.0 = Release|Any CPU
	EndGlobalSection
	GlobalSection(SolutionProperties) = preSolution
		HideSolutionNode = FALSE
	EndGlobalSection
	GlobalSection(ExtensibilityGlobals) = postSolution
		SolutionGuid = {5EC67891-3B7E-47CD-8223-C355817A432C}
	EndGlobalSection
EndGlobal
