
Microsoft Visual Studio Solution File, Format Version 12.00
# Visual Studio Version 17
VisualStudioVersion = 17.5.33530.505
MinimumVisualStudioVersion = 10.0.40219.1
Project("{FAE04EC0-301F-11D3-BF4B-00C04F79EFBC}") = "Exercitiul 4 Olimpiada Nationala 2023", "Exercitiul 4 Olimpiada Nationala 2023\Exercitiul 4 Olimpiada Nationala 2023.csproj", "{908C4112-9B31-4D64-9A49-7285C2AD9A54}"
EndProject
Global
	GlobalSection(SolutionConfigurationPlatforms) = preSolution
		Debug|Any CPU = Debug|Any CPU
		Release|Any CPU = Release|Any CPU
	EndGlobalSection
	GlobalSection(ProjectConfigurationPlatforms) = postSolution
		{908C4112-9B31-4D64-9A49-7285C2AD9A54}.Debug|Any CPU.ActiveCfg = Debug|Any CPU
		{908C4112-9B31-4D64-9A49-7285C2AD9A54}.Debug|Any CPU.Build.0 = Debug|Any CPU
		{908C4112-9B31-4D64-9A49-7285C2AD9A54}.Release|Any CPU.ActiveCfg = Release|Any CPU
		{908C4112-9B31-4D64-9A49-7285C2AD9A54}.Release|Any CPU.Build.0 = Release|Any CPU
	EndGlobalSection
	GlobalSection(SolutionProperties) = preSolution
		HideSolutionNode = FALSE
	EndGlobalSection
	GlobalSection(ExtensibilityGlobals) = postSolution
		SolutionGuid = {DB565157-DAD3-45AA-A362-715ACEF20927}
	EndGlobalSection
EndGlobal
