
Microsoft Visual Studio Solution File, Format Version 12.00
# Visual Studio Version 17
VisualStudioVersion = 17.3.32922.545
MinimumVisualStudioVersion = 10.0.40219.1
Project("{FAE04EC0-301F-11D3-BF4B-00C04F79EFBC}") = "JaggedArray", "JaggedArray\JaggedArray.csproj", "{66BE58A4-9419-43EF-B8B6-920076BDC102}"
EndProject
Global
	GlobalSection(SolutionConfigurationPlatforms) = preSolution
		Debug|Any CPU = Debug|Any CPU
		Release|Any CPU = Release|Any CPU
	EndGlobalSection
	GlobalSection(ProjectConfigurationPlatforms) = postSolution
		{66BE58A4-9419-43EF-B8B6-920076BDC102}.Debug|Any CPU.ActiveCfg = Debug|Any CPU
		{66BE58A4-9419-43EF-B8B6-920076BDC102}.Debug|Any CPU.Build.0 = Debug|Any CPU
		{66BE58A4-9419-43EF-B8B6-920076BDC102}.Release|Any CPU.ActiveCfg = Release|Any CPU
		{66BE58A4-9419-43EF-B8B6-920076BDC102}.Release|Any CPU.Build.0 = Release|Any CPU
	EndGlobalSection
	GlobalSection(SolutionProperties) = preSolution
		HideSolutionNode = FALSE
	EndGlobalSection
	GlobalSection(ExtensibilityGlobals) = postSolution
		SolutionGuid = {49F9CE98-EC32-46E8-B135-0EA3861757C3}
	EndGlobalSection
EndGlobal
