
Microsoft Visual Studio Solution File, Format Version 12.00
# Visual Studio Version 17
VisualStudioVersion = 17.4.33403.182
MinimumVisualStudioVersion = 10.0.40219.1
Project("{FAE04EC0-301F-11D3-BF4B-00C04F79EFBC}") = "WebBrowserExample", "WebBrowserExample\WebBrowserExample.csproj", "{39BC267B-5D41-48D4-A84A-E7808FBD3AB8}"
EndProject
Global
	GlobalSection(SolutionConfigurationPlatforms) = preSolution
		Debug|Any CPU = Debug|Any CPU
		Release|Any CPU = Release|Any CPU
	EndGlobalSection
	GlobalSection(ProjectConfigurationPlatforms) = postSolution
		{39BC267B-5D41-48D4-A84A-E7808FBD3AB8}.Debug|Any CPU.ActiveCfg = Debug|Any CPU
		{39BC267B-5D41-48D4-A84A-E7808FBD3AB8}.Debug|Any CPU.Build.0 = Debug|Any CPU
		{39BC267B-5D41-48D4-A84A-E7808FBD3AB8}.Release|Any CPU.ActiveCfg = Release|Any CPU
		{39BC267B-5D41-48D4-A84A-E7808FBD3AB8}.Release|Any CPU.Build.0 = Release|Any CPU
	EndGlobalSection
	GlobalSection(SolutionProperties) = preSolution
		HideSolutionNode = FALSE
	EndGlobalSection
	GlobalSection(ExtensibilityGlobals) = postSolution
		SolutionGuid = {DFF95A27-19D6-4842-B7B1-B4E07B263C72}
	EndGlobalSection
EndGlobal
