
Microsoft Visual Studio Solution File, Format Version 12.00
# Visual Studio Version 17
VisualStudioVersion = 17.3.32922.545
MinimumVisualStudioVersion = 10.0.40219.1
Project("{FAE04EC0-301F-11D3-BF4B-00C04F79EFBC}") = "OOP_cum_se_lucreaza_cu_obiecte", "OOP_cum_se_lucreaza_cu_obiecte\OOP_cum_se_lucreaza_cu_obiecte.csproj", "{6A085EAD-794D-44CC-9C04-D8221153890D}"
EndProject
Global
	GlobalSection(SolutionConfigurationPlatforms) = preSolution
		Debug|Any CPU = Debug|Any CPU
		Release|Any CPU = Release|Any CPU
	EndGlobalSection
	GlobalSection(ProjectConfigurationPlatforms) = postSolution
		{6A085EAD-794D-44CC-9C04-D8221153890D}.Debug|Any CPU.ActiveCfg = Debug|Any CPU
		{6A085EAD-794D-44CC-9C04-D8221153890D}.Debug|Any CPU.Build.0 = Debug|Any CPU
		{6A085EAD-794D-44CC-9C04-D8221153890D}.Release|Any CPU.ActiveCfg = Release|Any CPU
		{6A085EAD-794D-44CC-9C04-D8221153890D}.Release|Any CPU.Build.0 = Release|Any CPU
	EndGlobalSection
	GlobalSection(SolutionProperties) = preSolution
		HideSolutionNode = FALSE
	EndGlobalSection
	GlobalSection(ExtensibilityGlobals) = postSolution
		SolutionGuid = {A2A3672B-DE51-4F8E-8EB5-2F3C0B05009C}
	EndGlobalSection
EndGlobal
