
Microsoft Visual Studio Solution File, Format Version 12.00
# Visual Studio Version 17
VisualStudioVersion = 17.3.32922.545
MinimumVisualStudioVersion = 10.0.40219.1
Project("{FAE04EC0-301F-11D3-BF4B-00C04F79EFBC}") = "DtpRuntime", "DtpRuntime\DtpRuntime.csproj", "{24FD6A89-206D-42FB-A327-38DFFBFC12DB}"
EndProject
Global
	GlobalSection(SolutionConfigurationPlatforms) = preSolution
		Debug|Any CPU = Debug|Any CPU
		Release|Any CPU = Release|Any CPU
	EndGlobalSection
	GlobalSection(ProjectConfigurationPlatforms) = postSolution
		{24FD6A89-206D-42FB-A327-38DFFBFC12DB}.Debug|Any CPU.ActiveCfg = Debug|Any CPU
		{24FD6A89-206D-42FB-A327-38DFFBFC12DB}.Debug|Any CPU.Build.0 = Debug|Any CPU
		{24FD6A89-206D-42FB-A327-38DFFBFC12DB}.Release|Any CPU.ActiveCfg = Release|Any CPU
		{24FD6A89-206D-42FB-A327-38DFFBFC12DB}.Release|Any CPU.Build.0 = Release|Any CPU
	EndGlobalSection
	GlobalSection(SolutionProperties) = preSolution
		HideSolutionNode = FALSE
	EndGlobalSection
	GlobalSection(ExtensibilityGlobals) = postSolution
		SolutionGuid = {31E380A4-E1E6-4A8D-9FE2-9EDFDE1D34BA}
	EndGlobalSection
EndGlobal
