
Microsoft Visual Studio Solution File, Format Version 12.00
# Visual Studio Version 17
VisualStudioVersion = 17.4.33403.182
MinimumVisualStudioVersion = 10.0.40219.1
Project("{FAE04EC0-301F-11D3-BF4B-00C04F79EFBC}") = "XmlExample", "XmlExample\XmlExample.csproj", "{E18B011E-8A24-4D30-8354-4C9738EDC6EB}"
EndProject
Global
	GlobalSection(SolutionConfigurationPlatforms) = preSolution
		Debug|Any CPU = Debug|Any CPU
		Release|Any CPU = Release|Any CPU
	EndGlobalSection
	GlobalSection(ProjectConfigurationPlatforms) = postSolution
		{E18B011E-8A24-4D30-8354-4C9738EDC6EB}.Debug|Any CPU.ActiveCfg = Debug|Any CPU
		{E18B011E-8A24-4D30-8354-4C9738EDC6EB}.Debug|Any CPU.Build.0 = Debug|Any CPU
		{E18B011E-8A24-4D30-8354-4C9738EDC6EB}.Release|Any CPU.ActiveCfg = Release|Any CPU
		{E18B011E-8A24-4D30-8354-4C9738EDC6EB}.Release|Any CPU.Build.0 = Release|Any CPU
	EndGlobalSection
	GlobalSection(SolutionProperties) = preSolution
		HideSolutionNode = FALSE
	EndGlobalSection
	GlobalSection(ExtensibilityGlobals) = postSolution
		SolutionGuid = {CB9A1F64-A18A-4D22-BCC1-E771C5EA6E23}
	EndGlobalSection
EndGlobal
