
Microsoft Visual Studio Solution File, Format Version 12.00
# Visual Studio Version 17
VisualStudioVersion = 17.3.32922.545
MinimumVisualStudioVersion = 10.0.40219.1
Project("{FAE04EC0-301F-11D3-BF4B-00C04F79EFBC}") = "Polimorfism", "Polimorfism\Polimorfism.csproj", "{BA5767FB-82F7-4945-B6A9-410B6D730123}"
EndProject
Global
	GlobalSection(SolutionConfigurationPlatforms) = preSolution
		Debug|Any CPU = Debug|Any CPU
		Release|Any CPU = Release|Any CPU
	EndGlobalSection
	GlobalSection(ProjectConfigurationPlatforms) = postSolution
		{BA5767FB-82F7-4945-B6A9-410B6D730123}.Debug|Any CPU.ActiveCfg = Debug|Any CPU
		{BA5767FB-82F7-4945-B6A9-410B6D730123}.Debug|Any CPU.Build.0 = Debug|Any CPU
		{BA5767FB-82F7-4945-B6A9-410B6D730123}.Release|Any CPU.ActiveCfg = Release|Any CPU
		{BA5767FB-82F7-4945-B6A9-410B6D730123}.Release|Any CPU.Build.0 = Release|Any CPU
	EndGlobalSection
	GlobalSection(SolutionProperties) = preSolution
		HideSolutionNode = FALSE
	EndGlobalSection
	GlobalSection(ExtensibilityGlobals) = postSolution
		SolutionGuid = {18FA8DAE-87E7-4EDE-A1E4-986EA56C44B3}
	EndGlobalSection
EndGlobal
