
Microsoft Visual Studio Solution File, Format Version 12.00
# Visual Studio Version 17
VisualStudioVersion = 17.5.33530.505
MinimumVisualStudioVersion = 10.0.40219.1
Project("{FAE04EC0-301F-11D3-BF4B-00C04F79EFBC}") = "Desenare", "Desenare\Desenare.csproj", "{97092F8F-5240-486C-BCDB-3A8A25158988}"
EndProject
Global
	GlobalSection(SolutionConfigurationPlatforms) = preSolution
		Debug|Any CPU = Debug|Any CPU
		Release|Any CPU = Release|Any CPU
	EndGlobalSection
	GlobalSection(ProjectConfigurationPlatforms) = postSolution
		{97092F8F-5240-486C-BCDB-3A8A25158988}.Debug|Any CPU.ActiveCfg = Debug|Any CPU
		{97092F8F-5240-486C-BCDB-3A8A25158988}.Debug|Any CPU.Build.0 = Debug|Any CPU
		{97092F8F-5240-486C-BCDB-3A8A25158988}.Release|Any CPU.ActiveCfg = Release|Any CPU
		{97092F8F-5240-486C-BCDB-3A8A25158988}.Release|Any CPU.Build.0 = Release|Any CPU
	EndGlobalSection
	GlobalSection(SolutionProperties) = preSolution
		HideSolutionNode = FALSE
	EndGlobalSection
	GlobalSection(ExtensibilityGlobals) = postSolution
		SolutionGuid = {780BD148-702B-4EBD-AD54-478255B8B15A}
	EndGlobalSection
EndGlobal
