
Microsoft Visual Studio Solution File, Format Version 12.00
# Visual Studio Version 17
VisualStudioVersion = 17.4.33403.182
MinimumVisualStudioVersion = 10.0.40219.1
Project("{FAE04EC0-301F-11D3-BF4B-00C04F79EFBC}") = "DownloadXml", "DownloadXml\DownloadXml.csproj", "{D369E937-37A1-434C-ABCB-C296439F416E}"
EndProject
Global
	GlobalSection(SolutionConfigurationPlatforms) = preSolution
		Debug|Any CPU = Debug|Any CPU
		Release|Any CPU = Release|Any CPU
	EndGlobalSection
	GlobalSection(ProjectConfigurationPlatforms) = postSolution
		{D369E937-37A1-434C-ABCB-C296439F416E}.Debug|Any CPU.ActiveCfg = Debug|Any CPU
		{D369E937-37A1-434C-ABCB-C296439F416E}.Debug|Any CPU.Build.0 = Debug|Any CPU
		{D369E937-37A1-434C-ABCB-C296439F416E}.Release|Any CPU.ActiveCfg = Release|Any CPU
		{D369E937-37A1-434C-ABCB-C296439F416E}.Release|Any CPU.Build.0 = Release|Any CPU
	EndGlobalSection
	GlobalSection(SolutionProperties) = preSolution
		HideSolutionNode = FALSE
	EndGlobalSection
	GlobalSection(ExtensibilityGlobals) = postSolution
		SolutionGuid = {3F4872CB-CCDA-493B-8781-C875537505A8}
	EndGlobalSection
EndGlobal
