
Microsoft Visual Studio Solution File, Format Version 12.00
# Visual Studio Version 17
VisualStudioVersion = 17.5.33530.505
MinimumVisualStudioVersion = 10.0.40219.1
Project("{FAE04EC0-301F-11D3-BF4B-00C04F79EFBC}") = "Cifre ordonate", "Cifre ordonate\Cifre ordonate.csproj", "{2F1211B9-E711-42B5-9FB6-9E39C0787CEF}"
EndProject
Global
	GlobalSection(SolutionConfigurationPlatforms) = preSolution
		Debug|Any CPU = Debug|Any CPU
		Release|Any CPU = Release|Any CPU
	EndGlobalSection
	GlobalSection(ProjectConfigurationPlatforms) = postSolution
		{2F1211B9-E711-42B5-9FB6-9E39C0787CEF}.Debug|Any CPU.ActiveCfg = Debug|Any CPU
		{2F1211B9-E711-42B5-9FB6-9E39C0787CEF}.Debug|Any CPU.Build.0 = Debug|Any CPU
		{2F1211B9-E711-42B5-9FB6-9E39C0787CEF}.Release|Any CPU.ActiveCfg = Release|Any CPU
		{2F1211B9-E711-42B5-9FB6-9E39C0787CEF}.Release|Any CPU.Build.0 = Release|Any CPU
	EndGlobalSection
	GlobalSection(SolutionProperties) = preSolution
		HideSolutionNode = FALSE
	EndGlobalSection
	GlobalSection(ExtensibilityGlobals) = postSolution
		SolutionGuid = {CDFA47E0-2C4D-484F-AF50-4564E2A22268}
	EndGlobalSection
EndGlobal
