
Microsoft Visual Studio Solution File, Format Version 12.00
# Visual Studio Version 17
VisualStudioVersion = 17.3.32922.545
MinimumVisualStudioVersion = 10.0.40219.1
Project("{FAE04EC0-301F-11D3-BF4B-00C04F79EFBC}") = "DialogModal", "DialogModal\DialogModal.csproj", "{DDD50437-A31A-4930-9217-764B94F07B3E}"
EndProject
Global
	GlobalSection(SolutionConfigurationPlatforms) = preSolution
		Debug|Any CPU = Debug|Any CPU
		Release|Any CPU = Release|Any CPU
	EndGlobalSection
	GlobalSection(ProjectConfigurationPlatforms) = postSolution
		{DDD50437-A31A-4930-9217-764B94F07B3E}.Debug|Any CPU.ActiveCfg = Debug|Any CPU
		{DDD50437-A31A-4930-9217-764B94F07B3E}.Debug|Any CPU.Build.0 = Debug|Any CPU
		{DDD50437-A31A-4930-9217-764B94F07B3E}.Release|Any CPU.ActiveCfg = Release|Any CPU
		{DDD50437-A31A-4930-9217-764B94F07B3E}.Release|Any CPU.Build.0 = Release|Any CPU
	EndGlobalSection
	GlobalSection(SolutionProperties) = preSolution
		HideSolutionNode = FALSE
	EndGlobalSection
	GlobalSection(ExtensibilityGlobals) = postSolution
		SolutionGuid = {7E78EC51-2B66-4F55-989E-EEB39F682904}
	EndGlobalSection
EndGlobal
